
Microsoft Visual Studio Solution File, Format Version 12.00
# Visual Studio Version 17
VisualStudioVersion = 17.6.33829.357
MinimumVisualStudioVersion = 10.0.40219.1
Project("{FAE04EC0-301F-11D3-BF4B-00C04F79EFBC}") = "Lista_06_Vetor_List", "Lista_06_Vetor_List\Lista_06_Vetor_List.csproj", "{8AEEE1F9-C5F1-48F7-849B-72089CF380FD}"
EndProject
Global
	GlobalSection(SolutionConfigurationPlatforms) = preSolution
		Debug|Any CPU = Debug|Any CPU
		Release|Any CPU = Release|Any CPU
	EndGlobalSection
	GlobalSection(ProjectConfigurationPlatforms) = postSolution
		{8AEEE1F9-C5F1-48F7-849B-72089CF380FD}.Debug|Any CPU.ActiveCfg = Debug|Any CPU
		{8AEEE1F9-C5F1-48F7-849B-72089CF380FD}.Debug|Any CPU.Build.0 = Debug|Any CPU
		{8AEEE1F9-C5F1-48F7-849B-72089CF380FD}.Release|Any CPU.ActiveCfg = Release|Any CPU
		{8AEEE1F9-C5F1-48F7-849B-72089CF380FD}.Release|Any CPU.Build.0 = Release|Any CPU
	EndGlobalSection
	GlobalSection(SolutionProperties) = preSolution
		HideSolutionNode = FALSE
	EndGlobalSection
	GlobalSection(ExtensibilityGlobals) = postSolution
		SolutionGuid = {52ACA393-D298-4137-AB70-E5F67D1CC6C9}
	EndGlobalSection
EndGlobal
