
Microsoft Visual Studio Solution File, Format Version 12.00
# Visual Studio Version 17
VisualStudioVersion = 17.6.33829.357
MinimumVisualStudioVersion = 10.0.40219.1
Project("{FAE04EC0-301F-11D3-BF4B-00C04F79EFBC}") = "Lista_08_Recursividade", "Lista_08_Recursividade\Lista_08_Recursividade.csproj", "{F9977F9D-7EAD-45B8-9DCB-23093EAD9AA9}"
EndProject
Global
	GlobalSection(SolutionConfigurationPlatforms) = preSolution
		Debug|Any CPU = Debug|Any CPU
		Release|Any CPU = Release|Any CPU
	EndGlobalSection
	GlobalSection(ProjectConfigurationPlatforms) = postSolution
		{F9977F9D-7EAD-45B8-9DCB-23093EAD9AA9}.Debug|Any CPU.ActiveCfg = Debug|Any CPU
		{F9977F9D-7EAD-45B8-9DCB-23093EAD9AA9}.Debug|Any CPU.Build.0 = Debug|Any CPU
		{F9977F9D-7EAD-45B8-9DCB-23093EAD9AA9}.Release|Any CPU.ActiveCfg = Release|Any CPU
		{F9977F9D-7EAD-45B8-9DCB-23093EAD9AA9}.Release|Any CPU.Build.0 = Release|Any CPU
	EndGlobalSection
	GlobalSection(SolutionProperties) = preSolution
		HideSolutionNode = FALSE
	EndGlobalSection
	GlobalSection(ExtensibilityGlobals) = postSolution
		SolutionGuid = {91057643-254F-4ECB-BF1B-4CA2FC01FB82}
	EndGlobalSection
EndGlobal
