
Microsoft Visual Studio Solution File, Format Version 12.00
# Visual Studio Version 17
VisualStudioVersion = 17.6.33829.357
MinimumVisualStudioVersion = 10.0.40219.1
Project("{FAE04EC0-301F-11D3-BF4B-00C04F79EFBC}") = "Lista_05_Function_TryCatch", "Lista_05_Function_TryCatch\Lista_05_Function_TryCatch.csproj", "{3B9A3E18-3E09-44C0-B70E-10978FD3BBEC}"
EndProject
Global
	GlobalSection(SolutionConfigurationPlatforms) = preSolution
		Debug|Any CPU = Debug|Any CPU
		Release|Any CPU = Release|Any CPU
	EndGlobalSection
	GlobalSection(ProjectConfigurationPlatforms) = postSolution
		{3B9A3E18-3E09-44C0-B70E-10978FD3BBEC}.Debug|Any CPU.ActiveCfg = Debug|Any CPU
		{3B9A3E18-3E09-44C0-B70E-10978FD3BBEC}.Debug|Any CPU.Build.0 = Debug|Any CPU
		{3B9A3E18-3E09-44C0-B70E-10978FD3BBEC}.Release|Any CPU.ActiveCfg = Release|Any CPU
		{3B9A3E18-3E09-44C0-B70E-10978FD3BBEC}.Release|Any CPU.Build.0 = Release|Any CPU
	EndGlobalSection
	GlobalSection(SolutionProperties) = preSolution
		HideSolutionNode = FALSE
	EndGlobalSection
	GlobalSection(ExtensibilityGlobals) = postSolution
		SolutionGuid = {DCF334A4-16C1-422F-BA70-510D7558635F}
	EndGlobalSection
EndGlobal
